{
  "requires": true,
  "lockfileVersion": 1,
  "dependencies": {
    "js-md5": {
      "version": "0.7.3",
      "resolved": "https://registry.npmjs.org/js-md5/-/js-md5-0.7.3.tgz",
      "integrity": "sha512-ZC41vPSTLKGwIRjqDh8DfXoCrdQIyBgspJVPXHBGu4nZlAEvG3nf+jO9avM9RmLiGakg7vz974ms99nEV0tmTQ=="
    }
  }
}
